
Microsoft Visual Studio Solution File, Format Version 12.00
# Visual Studio Version 17
VisualStudioVersion = 17.4.33122.133
MinimumVisualStudioVersion = 10.0.40219.1
Project("{FAE04EC0-301F-11D3-BF4B-00C04F79EFBC}") = "Site", "Site\Site.csproj", "{69A65D52-F24C-4DB5-AFC6-C2700F8C6A48}"
EndProject
Project("{FAE04EC0-301F-11D3-BF4B-00C04F79EFBC}") = "BaseDB", "BaseDB\BaseDB.csproj", "{2D7305C4-A9EC-4D1B-AF27-82D230E0E999}"
EndProject
Project("{FAE04EC0-301F-11D3-BF4B-00C04F79EFBC}") = "Contracts", "Contracts\Contracts.csproj", "{DFC41DF7-4573-4C53-A0B8-058DAB367DF9}"
EndProject
Project("{FAE04EC0-301F-11D3-BF4B-00C04F79EFBC}") = "CoreServices", "CoreServices\CoreServices.csproj", "{02B25C92-6819-4EA7-BF74-152DDCDA7503}"
EndProject
Project("{FAE04EC0-301F-11D3-BF4B-00C04F79EFBC}") = "DevelopmentDAL", "DevelopmentDAL\DevelopmentDAL.csproj", "{4FDCCE58-B69E-49B6-A175-151CB3FA5705}"
EndProject
Project("{FAE04EC0-301F-11D3-BF4B-00C04F79EFBC}") = "Entities", "Entities\Entities.csproj", "{5CF232EE-31FA-48A3-8477-0C22DD692E5E}"
EndProject
Project("{FAE04EC0-301F-11D3-BF4B-00C04F79EFBC}") = "LoggerService", "LoggerService\LoggerService.csproj", "{4276B2DF-565A-4567-8CEC-2FEDE270BDDF}"
EndProject
Project("{FAE04EC0-301F-11D3-BF4B-00C04F79EFBC}") = "ModelBuilderConfig", "ModelBuilderConfig\ModelBuilderConfig.csproj", "{E9F5DE57-E54A-4F4B-AAC3-852141B862F6}"
EndProject
Project("{FAE04EC0-301F-11D3-BF4B-00C04F79EFBC}") = "Repository", "Repository\Repository.csproj", "{C1D8D821-344B-4460-BBDE-AC4F7166D151}"
EndProject
Project("{FAE04EC0-301F-11D3-BF4B-00C04F79EFBC}") = "Services", "Services\Services.csproj", "{C2C37285-3F03-4226-A310-D1C308ABB085}"
EndProject
Project("{FAE04EC0-301F-11D3-BF4B-00C04F79EFBC}") = "TenantConfiguration", "TenantConfiguration\TenantConfiguration.csproj", "{3E23A13B-8941-4830-A54D-B662D5C567AD}"
EndProject
Project("{2150E333-8FDC-42A3-9474-1A3956D46DE8}") = "SolutionItems", "SolutionItems", "{5D36C080-F9EF-448C-B99B-E448BC2BF488}"
EndProject
Project("{2150E333-8FDC-42A3-9474-1A3956D46DE8}") = "DB", "DB", "{EA9D6EA2-4A62-45D9-9642-66920E978D4F}"
EndProject
Project("{2150E333-8FDC-42A3-9474-1A3956D46DE8}") = "DataAccessLayers", "DataAccessLayers", "{64BB5CFE-849A-4FAC-AACD-BF47A4158F03}"
EndProject
Project("{FAE04EC0-301F-11D3-BF4B-00C04F79EFBC}") = "Dashboard", "Dashboard\Dashboard.csproj", "{8648D961-3188-4926-8E8F-6BFA252A8A57}"
EndProject
Global
	GlobalSection(SolutionConfigurationPlatforms) = preSolution
		Debug|Any CPU = Debug|Any CPU
		Release|Any CPU = Release|Any CPU
	EndGlobalSection
	GlobalSection(ProjectConfigurationPlatforms) = postSolution
		{69A65D52-F24C-4DB5-AFC6-C2700F8C6A48}.Debug|Any CPU.ActiveCfg = Debug|Any CPU
		{69A65D52-F24C-4DB5-AFC6-C2700F8C6A48}.Debug|Any CPU.Build.0 = Debug|Any CPU
		{69A65D52-F24C-4DB5-AFC6-C2700F8C6A48}.Release|Any CPU.ActiveCfg = Release|Any CPU
		{69A65D52-F24C-4DB5-AFC6-C2700F8C6A48}.Release|Any CPU.Build.0 = Release|Any CPU
		{2D7305C4-A9EC-4D1B-AF27-82D230E0E999}.Debug|Any CPU.ActiveCfg = Debug|Any CPU
		{2D7305C4-A9EC-4D1B-AF27-82D230E0E999}.Debug|Any CPU.Build.0 = Debug|Any CPU
		{2D7305C4-A9EC-4D1B-AF27-82D230E0E999}.Release|Any CPU.ActiveCfg = Release|Any CPU
		{2D7305C4-A9EC-4D1B-AF27-82D230E0E999}.Release|Any CPU.Build.0 = Release|Any CPU
		{DFC41DF7-4573-4C53-A0B8-058DAB367DF9}.Debug|Any CPU.ActiveCfg = Debug|Any CPU
		{DFC41DF7-4573-4C53-A0B8-058DAB367DF9}.Debug|Any CPU.Build.0 = Debug|Any CPU
		{DFC41DF7-4573-4C53-A0B8-058DAB367DF9}.Release|Any CPU.ActiveCfg = Release|Any CPU
		{DFC41DF7-4573-4C53-A0B8-058DAB367DF9}.Release|Any CPU.Build.0 = Release|Any CPU
		{02B25C92-6819-4EA7-BF74-152DDCDA7503}.Debug|Any CPU.ActiveCfg = Debug|Any CPU
		{02B25C92-6819-4EA7-BF74-152DDCDA7503}.Debug|Any CPU.Build.0 = Debug|Any CPU
		{02B25C92-6819-4EA7-BF74-152DDCDA7503}.Release|Any CPU.ActiveCfg = Release|Any CPU
		{02B25C92-6819-4EA7-BF74-152DDCDA7503}.Release|Any CPU.Build.0 = Release|Any CPU
		{4FDCCE58-B69E-49B6-A175-151CB3FA5705}.Debug|Any CPU.ActiveCfg = Debug|Any CPU
		{4FDCCE58-B69E-49B6-A175-151CB3FA5705}.Debug|Any CPU.Build.0 = Debug|Any CPU
		{4FDCCE58-B69E-49B6-A175-151CB3FA5705}.Release|Any CPU.ActiveCfg = Release|Any CPU
		{4FDCCE58-B69E-49B6-A175-151CB3FA5705}.Release|Any CPU.Build.0 = Release|Any CPU
		{5CF232EE-31FA-48A3-8477-0C22DD692E5E}.Debug|Any CPU.ActiveCfg = Debug|Any CPU
		{5CF232EE-31FA-48A3-8477-0C22DD692E5E}.Debug|Any CPU.Build.0 = Debug|Any CPU
		{5CF232EE-31FA-48A3-8477-0C22DD692E5E}.Release|Any CPU.ActiveCfg = Release|Any CPU
		{5CF232EE-31FA-48A3-8477-0C22DD692E5E}.Release|Any CPU.Build.0 = Release|Any CPU
		{4276B2DF-565A-4567-8CEC-2FEDE270BDDF}.Debug|Any CPU.ActiveCfg = Debug|Any CPU
		{4276B2DF-565A-4567-8CEC-2FEDE270BDDF}.Debug|Any CPU.Build.0 = Debug|Any CPU
		{4276B2DF-565A-4567-8CEC-2FEDE270BDDF}.Release|Any CPU.ActiveCfg = Release|Any CPU
		{4276B2DF-565A-4567-8CEC-2FEDE270BDDF}.Release|Any CPU.Build.0 = Release|Any CPU
		{E9F5DE57-E54A-4F4B-AAC3-852141B862F6}.Debug|Any CPU.ActiveCfg = Debug|Any CPU
		{E9F5DE57-E54A-4F4B-AAC3-852141B862F6}.Debug|Any CPU.Build.0 = Debug|Any CPU
		{E9F5DE57-E54A-4F4B-AAC3-852141B862F6}.Release|Any CPU.ActiveCfg = Release|Any CPU
		{E9F5DE57-E54A-4F4B-AAC3-852141B862F6}.Release|Any CPU.Build.0 = Release|Any CPU
		{C1D8D821-344B-4460-BBDE-AC4F7166D151}.Debug|Any CPU.ActiveCfg = Debug|Any CPU
		{C1D8D821-344B-4460-BBDE-AC4F7166D151}.Debug|Any CPU.Build.0 = Debug|Any CPU
		{C1D8D821-344B-4460-BBDE-AC4F7166D151}.Release|Any CPU.ActiveCfg = Release|Any CPU
		{C1D8D821-344B-4460-BBDE-AC4F7166D151}.Release|Any CPU.Build.0 = Release|Any CPU
		{C2C37285-3F03-4226-A310-D1C308ABB085}.Debug|Any CPU.ActiveCfg = Debug|Any CPU
		{C2C37285-3F03-4226-A310-D1C308ABB085}.Debug|Any CPU.Build.0 = Debug|Any CPU
		{C2C37285-3F03-4226-A310-D1C308ABB085}.Release|Any CPU.ActiveCfg = Release|Any CPU
		{C2C37285-3F03-4226-A310-D1C308ABB085}.Release|Any CPU.Build.0 = Release|Any CPU
		{3E23A13B-8941-4830-A54D-B662D5C567AD}.Debug|Any CPU.ActiveCfg = Debug|Any CPU
		{3E23A13B-8941-4830-A54D-B662D5C567AD}.Debug|Any CPU.Build.0 = Debug|Any CPU
		{3E23A13B-8941-4830-A54D-B662D5C567AD}.Release|Any CPU.ActiveCfg = Release|Any CPU
		{3E23A13B-8941-4830-A54D-B662D5C567AD}.Release|Any CPU.Build.0 = Release|Any CPU
		{8648D961-3188-4926-8E8F-6BFA252A8A57}.Debug|Any CPU.ActiveCfg = Debug|Any CPU
		{8648D961-3188-4926-8E8F-6BFA252A8A57}.Debug|Any CPU.Build.0 = Debug|Any CPU
		{8648D961-3188-4926-8E8F-6BFA252A8A57}.Release|Any CPU.ActiveCfg = Release|Any CPU
		{8648D961-3188-4926-8E8F-6BFA252A8A57}.Release|Any CPU.Build.0 = Release|Any CPU
	EndGlobalSection
	GlobalSection(SolutionProperties) = preSolution
		HideSolutionNode = FALSE
	EndGlobalSection
	GlobalSection(ExtensibilityGlobals) = postSolution
		SolutionGuid = {843B475E-BB02-46B3-B1D2-E384A4026675}
	EndGlobalSection
	GlobalSection(NestedProjects) = preSolution
		{DFC41DF7-4573-4C53-A0B8-058DAB367DF9} = {5D36C080-F9EF-448C-B99B-E448BC2BF488}
		{02B25C92-6819-4EA7-BF74-152DDCDA7503} = {5D36C080-F9EF-448C-B99B-E448BC2BF488}
		{5CF232EE-31FA-48A3-8477-0C22DD692E5E} = {5D36C080-F9EF-448C-B99B-E448BC2BF488}
		{4276B2DF-565A-4567-8CEC-2FEDE270BDDF} = {5D36C080-F9EF-448C-B99B-E448BC2BF488}
		{C1D8D821-344B-4460-BBDE-AC4F7166D151} = {5D36C080-F9EF-448C-B99B-E448BC2BF488}
		{C2C37285-3F03-4226-A310-D1C308ABB085} = {5D36C080-F9EF-448C-B99B-E448BC2BF488}
		{2D7305C4-A9EC-4D1B-AF27-82D230E0E999} = {EA9D6EA2-4A62-45D9-9642-66920E978D4F}
		{E9F5DE57-E54A-4F4B-AAC3-852141B862F6} = {EA9D6EA2-4A62-45D9-9642-66920E978D4F}
		{4FDCCE58-B69E-49B6-A175-151CB3FA5705} = {64BB5CFE-849A-4FAC-AACD-BF47A4158F03}
	EndGlobalSection
EndGlobal
